
Microsoft Visual Studio Solution File, Format Version 12.00
# Visual Studio Version 16
VisualStudioVersion = 16.0.29123.88
MinimumVisualStudioVersion = 10.0.40219.1
Project("{FAE04EC0-301F-11D3-BF4B-00C04F79EFBC}") = "LionUp", "LionUp\LionUp.csproj", "{93AF66F8-88E2-47CE-92D8-E841C4F2EE2E}"
EndProject
Global
	GlobalSection(SolutionConfigurationPlatforms) = preSolution
		Debug|Any CPU = Debug|Any CPU
		Release|Any CPU = Release|Any CPU
	EndGlobalSection
	GlobalSection(ProjectConfigurationPlatforms) = postSolution
		{93AF66F8-88E2-47CE-92D8-E841C4F2EE2E}.Debug|Any CPU.ActiveCfg = Debug|Any CPU
		{93AF66F8-88E2-47CE-92D8-E841C4F2EE2E}.Debug|Any CPU.Build.0 = Debug|Any CPU
		{93AF66F8-88E2-47CE-92D8-E841C4F2EE2E}.Release|Any CPU.ActiveCfg = Release|Any CPU
		{93AF66F8-88E2-47CE-92D8-E841C4F2EE2E}.Release|Any CPU.Build.0 = Release|Any CPU
	EndGlobalSection
	GlobalSection(SolutionProperties) = preSolution
		HideSolutionNode = FALSE
	EndGlobalSection
	GlobalSection(ExtensibilityGlobals) = postSolution
		SolutionGuid = {0D21F5FA-3464-4AF8-98A5-0078773A9CD1}
	EndGlobalSection
EndGlobal
